
Microsoft Visual Studio Solution File, Format Version 12.00
# Visual Studio Version 17
VisualStudioVersion = 17.14.35821.62
MinimumVisualStudioVersion = 10.0.40219.1
Project("{FAE04EC0-301F-11D3-BF4B-00C04F79EFBC}") = "PleasanterTest", "PleasanterTest\PleasanterTest.csproj", "{7C1B2AF5-083D-429C-97E6-6ADBF1B90C78}"
EndProject
Project("{FAE04EC0-301F-11D3-BF4B-00C04F79EFBC}") = "CollectTestables", "CollectTestables\CollectTestables.csproj", "{BA80EE10-E74F-4953-BDE7-86BCC48326EB}"
EndProject
Project("{FAE04EC0-301F-11D3-BF4B-00C04F79EFBC}") = "Implem.Pleasanter", "..\..\..\Implem.Pleasanter\Implem.Pleasanter\Implem.Pleasanter.csproj", "{08D47F16-E29D-58CB-E6FB-74E2A546EBCA}"
EndProject
Project("{FAE04EC0-301F-11D3-BF4B-00C04F79EFBC}") = "Implem.CodeDefiner", "..\..\..\Implem.Pleasanter\Implem.CodeDefiner\Implem.CodeDefiner.csproj", "{2DD60294-F3FA-978C-EE32-24AD8D51BD3A}"
EndProject
Project("{FAE04EC0-301F-11D3-BF4B-00C04F79EFBC}") = "implem.TestAutomation", "..\..\..\Implem.Pleasanter\Implem.TestAutomation\implem.TestAutomation.csproj", "{10B96E22-4A87-8E2D-7377-1936784606FE}"
EndProject
Project("{FAE04EC0-301F-11D3-BF4B-00C04F79EFBC}") = "Implem.Libraries", "..\..\..\Implem.Pleasanter\Implem.Libraries\Implem.Libraries.csproj", "{E163302B-006E-92B9-EFEB-32AFD24C4CD5}"
EndProject
Project("{FAE04EC0-301F-11D3-BF4B-00C04F79EFBC}") = "PleasanterBenchmark", "PleasanterBenchmark\PleasanterBenchmark.csproj", "{E1A2F576-403E-4913-88E5-F145E6B0BBD4}"
EndProject
Project("{FAE04EC0-301F-11D3-BF4B-00C04F79EFBC}") = "Implem.DefinitionAccessor", "..\..\..\Implem.Pleasanter\Implem.DefinitionAccessor\Implem.DefinitionAccessor.csproj", "{8A62FCEF-F1CF-6FDC-005F-D29896AB361E}"
EndProject
Project("{FAE04EC0-301F-11D3-BF4B-00C04F79EFBC}") = "Implem.IRds", "..\..\..\Implem.Pleasanter\Rds\Implem.IRds\Implem.IRds.csproj", "{B9D0854C-DE9A-0C25-053D-64296950E1AD}"
EndProject
Project("{FAE04EC0-301F-11D3-BF4B-00C04F79EFBC}") = "Implem.ParameterAccessor", "..\..\..\Implem.Pleasanter\Implem.ParameterAccessor\Implem.ParameterAccessor.csproj", "{7AC0D828-2329-EFA0-3D31-B8CCE3F7FC0F}"
EndProject
Project("{FAE04EC0-301F-11D3-BF4B-00C04F79EFBC}") = "Implem.DisplayAccessor", "..\..\..\Implem.Pleasanter\Implem.DisplayAccessor\Implem.DisplayAccessor.csproj", "{80A2697D-CF80-3D7B-C342-A80A114FB2D2}"
EndProject
Project("{FAE04EC0-301F-11D3-BF4B-00C04F79EFBC}") = "Implem.Factory", "..\..\..\Implem.Pleasanter\Implem.Factory\Implem.Factory.csproj", "{F3DDFD94-5242-AC77-B81D-B3AB90892558}"
EndProject
Project("{FAE04EC0-301F-11D3-BF4B-00C04F79EFBC}") = "Implem.SqlServer", "..\..\..\Implem.Pleasanter\Rds\Implem.SqlServer\Implem.SqlServer.csproj", "{C590E9C1-3666-9C50-E1DA-D15A3D0A7D60}"
EndProject
Project("{FAE04EC0-301F-11D3-BF4B-00C04F79EFBC}") = "Implem.PostgreSql", "..\..\..\Implem.Pleasanter\Rds\Implem.PostgreSql\Implem.PostgreSql.csproj", "{85C260BB-1624-702C-966D-B477A29CE8A2}"
EndProject
Project("{FAE04EC0-301F-11D3-BF4B-00C04F79EFBC}") = "Implem.MySql", "..\..\..\Implem.Pleasanter\Rds\Implem.MySql\Implem.MySql.csproj", "{6725F701-80F2-9466-AFDC-381F97886843}"
EndProject
Project("{2150E333-8FDC-42A3-9474-1A3956D46DE8}") = "Pleasanter", "Pleasanter", "{DDB4EF12-CC4E-5E88-E6FC-71A802F4DE97}"
EndProject
Project("{FAE04EC0-301F-11D3-BF4B-00C04F79EFBC}") = "Implem.Plugins", "..\..\..\Implem.Pleasanter\Implem.Plugins\Implem.Plugins.csproj", "{1E5BB19B-08BA-E555-B70F-327F2ADBCB0F}"
EndProject
Global
	GlobalSection(SolutionConfigurationPlatforms) = preSolution
		Debug|Any CPU = Debug|Any CPU
		Release|Any CPU = Release|Any CPU
	EndGlobalSection
	GlobalSection(ProjectConfigurationPlatforms) = postSolution
		{7C1B2AF5-083D-429C-97E6-6ADBF1B90C78}.Debug|Any CPU.ActiveCfg = Debug|Any CPU
		{7C1B2AF5-083D-429C-97E6-6ADBF1B90C78}.Debug|Any CPU.Build.0 = Debug|Any CPU
		{7C1B2AF5-083D-429C-97E6-6ADBF1B90C78}.Release|Any CPU.ActiveCfg = Release|Any CPU
		{7C1B2AF5-083D-429C-97E6-6ADBF1B90C78}.Release|Any CPU.Build.0 = Release|Any CPU
		{BA80EE10-E74F-4953-BDE7-86BCC48326EB}.Debug|Any CPU.ActiveCfg = Debug|Any CPU
		{BA80EE10-E74F-4953-BDE7-86BCC48326EB}.Debug|Any CPU.Build.0 = Debug|Any CPU
		{BA80EE10-E74F-4953-BDE7-86BCC48326EB}.Release|Any CPU.ActiveCfg = Release|Any CPU
		{BA80EE10-E74F-4953-BDE7-86BCC48326EB}.Release|Any CPU.Build.0 = Release|Any CPU
		{08D47F16-E29D-58CB-E6FB-74E2A546EBCA}.Debug|Any CPU.ActiveCfg = Debug|Any CPU
		{08D47F16-E29D-58CB-E6FB-74E2A546EBCA}.Debug|Any CPU.Build.0 = Debug|Any CPU
		{08D47F16-E29D-58CB-E6FB-74E2A546EBCA}.Release|Any CPU.ActiveCfg = Release|Any CPU
		{08D47F16-E29D-58CB-E6FB-74E2A546EBCA}.Release|Any CPU.Build.0 = Release|Any CPU
		{2DD60294-F3FA-978C-EE32-24AD8D51BD3A}.Debug|Any CPU.ActiveCfg = Debug|Any CPU
		{2DD60294-F3FA-978C-EE32-24AD8D51BD3A}.Debug|Any CPU.Build.0 = Debug|Any CPU
		{2DD60294-F3FA-978C-EE32-24AD8D51BD3A}.Release|Any CPU.ActiveCfg = Release|Any CPU
		{2DD60294-F3FA-978C-EE32-24AD8D51BD3A}.Release|Any CPU.Build.0 = Release|Any CPU
		{10B96E22-4A87-8E2D-7377-1936784606FE}.Debug|Any CPU.ActiveCfg = Debug|Any CPU
		{10B96E22-4A87-8E2D-7377-1936784606FE}.Debug|Any CPU.Build.0 = Debug|Any CPU
		{10B96E22-4A87-8E2D-7377-1936784606FE}.Release|Any CPU.ActiveCfg = Release|Any CPU
		{10B96E22-4A87-8E2D-7377-1936784606FE}.Release|Any CPU.Build.0 = Release|Any CPU
		{E163302B-006E-92B9-EFEB-32AFD24C4CD5}.Debug|Any CPU.ActiveCfg = Debug|Any CPU
		{E163302B-006E-92B9-EFEB-32AFD24C4CD5}.Debug|Any CPU.Build.0 = Debug|Any CPU
		{E163302B-006E-92B9-EFEB-32AFD24C4CD5}.Release|Any CPU.ActiveCfg = Release|Any CPU
		{E163302B-006E-92B9-EFEB-32AFD24C4CD5}.Release|Any CPU.Build.0 = Release|Any CPU
		{E1A2F576-403E-4913-88E5-F145E6B0BBD4}.Debug|Any CPU.ActiveCfg = Debug|Any CPU
		{E1A2F576-403E-4913-88E5-F145E6B0BBD4}.Debug|Any CPU.Build.0 = Debug|Any CPU
		{E1A2F576-403E-4913-88E5-F145E6B0BBD4}.Release|Any CPU.ActiveCfg = Release|Any CPU
		{E1A2F576-403E-4913-88E5-F145E6B0BBD4}.Release|Any CPU.Build.0 = Release|Any CPU
		{8A62FCEF-F1CF-6FDC-005F-D29896AB361E}.Debug|Any CPU.ActiveCfg = Debug|Any CPU
		{8A62FCEF-F1CF-6FDC-005F-D29896AB361E}.Debug|Any CPU.Build.0 = Debug|Any CPU
		{8A62FCEF-F1CF-6FDC-005F-D29896AB361E}.Release|Any CPU.ActiveCfg = Release|Any CPU
		{8A62FCEF-F1CF-6FDC-005F-D29896AB361E}.Release|Any CPU.Build.0 = Release|Any CPU
		{B9D0854C-DE9A-0C25-053D-64296950E1AD}.Debug|Any CPU.ActiveCfg = Debug|Any CPU
		{B9D0854C-DE9A-0C25-053D-64296950E1AD}.Debug|Any CPU.Build.0 = Debug|Any CPU
		{B9D0854C-DE9A-0C25-053D-64296950E1AD}.Release|Any CPU.ActiveCfg = Release|Any CPU
		{B9D0854C-DE9A-0C25-053D-64296950E1AD}.Release|Any CPU.Build.0 = Release|Any CPU
		{7AC0D828-2329-EFA0-3D31-B8CCE3F7FC0F}.Debug|Any CPU.ActiveCfg = Debug|Any CPU
		{7AC0D828-2329-EFA0-3D31-B8CCE3F7FC0F}.Debug|Any CPU.Build.0 = Debug|Any CPU
		{7AC0D828-2329-EFA0-3D31-B8CCE3F7FC0F}.Release|Any CPU.ActiveCfg = Release|Any CPU
		{7AC0D828-2329-EFA0-3D31-B8CCE3F7FC0F}.Release|Any CPU.Build.0 = Release|Any CPU
		{80A2697D-CF80-3D7B-C342-A80A114FB2D2}.Debug|Any CPU.ActiveCfg = Debug|Any CPU
		{80A2697D-CF80-3D7B-C342-A80A114FB2D2}.Debug|Any CPU.Build.0 = Debug|Any CPU
		{80A2697D-CF80-3D7B-C342-A80A114FB2D2}.Release|Any CPU.ActiveCfg = Release|Any CPU
		{80A2697D-CF80-3D7B-C342-A80A114FB2D2}.Release|Any CPU.Build.0 = Release|Any CPU
		{F3DDFD94-5242-AC77-B81D-B3AB90892558}.Debug|Any CPU.ActiveCfg = Debug|Any CPU
		{F3DDFD94-5242-AC77-B81D-B3AB90892558}.Debug|Any CPU.Build.0 = Debug|Any CPU
		{F3DDFD94-5242-AC77-B81D-B3AB90892558}.Release|Any CPU.ActiveCfg = Release|Any CPU
		{F3DDFD94-5242-AC77-B81D-B3AB90892558}.Release|Any CPU.Build.0 = Release|Any CPU
		{C590E9C1-3666-9C50-E1DA-D15A3D0A7D60}.Debug|Any CPU.ActiveCfg = Debug|Any CPU
		{C590E9C1-3666-9C50-E1DA-D15A3D0A7D60}.Debug|Any CPU.Build.0 = Debug|Any CPU
		{C590E9C1-3666-9C50-E1DA-D15A3D0A7D60}.Release|Any CPU.ActiveCfg = Release|Any CPU
		{C590E9C1-3666-9C50-E1DA-D15A3D0A7D60}.Release|Any CPU.Build.0 = Release|Any CPU
		{85C260BB-1624-702C-966D-B477A29CE8A2}.Debug|Any CPU.ActiveCfg = Debug|Any CPU
		{85C260BB-1624-702C-966D-B477A29CE8A2}.Debug|Any CPU.Build.0 = Debug|Any CPU
		{85C260BB-1624-702C-966D-B477A29CE8A2}.Release|Any CPU.ActiveCfg = Release|Any CPU
		{85C260BB-1624-702C-966D-B477A29CE8A2}.Release|Any CPU.Build.0 = Release|Any CPU
		{6725F701-80F2-9466-AFDC-381F97886843}.Debug|Any CPU.ActiveCfg = Debug|Any CPU
		{6725F701-80F2-9466-AFDC-381F97886843}.Debug|Any CPU.Build.0 = Debug|Any CPU
		{6725F701-80F2-9466-AFDC-381F97886843}.Release|Any CPU.ActiveCfg = Release|Any CPU
		{6725F701-80F2-9466-AFDC-381F97886843}.Release|Any CPU.Build.0 = Release|Any CPU
		{1E5BB19B-08BA-E555-B70F-327F2ADBCB0F}.Debug|Any CPU.ActiveCfg = Debug|Any CPU
		{1E5BB19B-08BA-E555-B70F-327F2ADBCB0F}.Debug|Any CPU.Build.0 = Debug|Any CPU
		{1E5BB19B-08BA-E555-B70F-327F2ADBCB0F}.Release|Any CPU.ActiveCfg = Release|Any CPU
		{1E5BB19B-08BA-E555-B70F-327F2ADBCB0F}.Release|Any CPU.Build.0 = Release|Any CPU
	EndGlobalSection
	GlobalSection(SolutionProperties) = preSolution
		HideSolutionNode = FALSE
	EndGlobalSection
	GlobalSection(NestedProjects) = preSolution
		{08D47F16-E29D-58CB-E6FB-74E2A546EBCA} = {DDB4EF12-CC4E-5E88-E6FC-71A802F4DE97}
		{2DD60294-F3FA-978C-EE32-24AD8D51BD3A} = {DDB4EF12-CC4E-5E88-E6FC-71A802F4DE97}
		{10B96E22-4A87-8E2D-7377-1936784606FE} = {DDB4EF12-CC4E-5E88-E6FC-71A802F4DE97}
		{E163302B-006E-92B9-EFEB-32AFD24C4CD5} = {DDB4EF12-CC4E-5E88-E6FC-71A802F4DE97}
		{8A62FCEF-F1CF-6FDC-005F-D29896AB361E} = {DDB4EF12-CC4E-5E88-E6FC-71A802F4DE97}
		{B9D0854C-DE9A-0C25-053D-64296950E1AD} = {DDB4EF12-CC4E-5E88-E6FC-71A802F4DE97}
		{7AC0D828-2329-EFA0-3D31-B8CCE3F7FC0F} = {DDB4EF12-CC4E-5E88-E6FC-71A802F4DE97}
		{80A2697D-CF80-3D7B-C342-A80A114FB2D2} = {DDB4EF12-CC4E-5E88-E6FC-71A802F4DE97}
		{F3DDFD94-5242-AC77-B81D-B3AB90892558} = {DDB4EF12-CC4E-5E88-E6FC-71A802F4DE97}
		{C590E9C1-3666-9C50-E1DA-D15A3D0A7D60} = {DDB4EF12-CC4E-5E88-E6FC-71A802F4DE97}
		{85C260BB-1624-702C-966D-B477A29CE8A2} = {DDB4EF12-CC4E-5E88-E6FC-71A802F4DE97}
		{6725F701-80F2-9466-AFDC-381F97886843} = {DDB4EF12-CC4E-5E88-E6FC-71A802F4DE97}
		{1E5BB19B-08BA-E555-B70F-327F2ADBCB0F} = {DDB4EF12-CC4E-5E88-E6FC-71A802F4DE97}
	EndGlobalSection
	GlobalSection(ExtensibilityGlobals) = postSolution
		SolutionGuid = {E12EB5AE-2904-424B-9BC8-2C23502B91E9}
	EndGlobalSection
EndGlobal
